
Microsoft Visual Studio Solution File, Format Version 12.00
# Visual Studio Version 17
VisualStudioVersion = 17.9.34701.34
MinimumVisualStudioVersion = 10.0.40219.1
Project("{FAE04EC0-301F-11D3-BF4B-00C04F79EFBC}") = "Todo.Crud.Web.Api", "Todo.Crud.Web.Api\Todo.Crud.Web.Api.csproj", "{5BC75531-0944-48FF-999E-0BE79640601D}"
EndProject
Project("{FAE04EC0-301F-11D3-BF4B-00C04F79EFBC}") = "Todo.Crud.Web.Domain", "Todo.Crud.Web.Domain\Todo.Crud.Web.Domain.csproj", "{BDB2AC02-13B1-4624-AAE1-E475831A916A}"
EndProject
Project("{FAE04EC0-301F-11D3-BF4B-00C04F79EFBC}") = "Todo.Crud.Web.Application", "Todo.Crud.Web.Application\Todo.Crud.Web.Application.csproj", "{002AE9FF-6310-44A6-89C7-1A8C67DEE5C0}"
EndProject
Project("{FAE04EC0-301F-11D3-BF4B-00C04F79EFBC}") = "Todo.Crud.Web.CrossCutting", "Todo.Crud.Web.CrossCutting\Todo.Crud.Web.CrossCutting.csproj", "{B3F58629-C32B-45E6-A791-06C324D454B0}"
EndProject
Project("{FAE04EC0-301F-11D3-BF4B-00C04F79EFBC}") = "Todo.Crud.Web.Infrastructure", "Todo.Crud.Web.Infrastructure\Todo.Crud.Web.Infrastructure.csproj", "{81E82D92-1427-4E9C-AACA-46EEDD01DEF4}"
EndProject
Global
	GlobalSection(SolutionConfigurationPlatforms) = preSolution
		Debug|Any CPU = Debug|Any CPU
		Release|Any CPU = Release|Any CPU
	EndGlobalSection
	GlobalSection(ProjectConfigurationPlatforms) = postSolution
		{5BC75531-0944-48FF-999E-0BE79640601D}.Debug|Any CPU.ActiveCfg = Debug|Any CPU
		{5BC75531-0944-48FF-999E-0BE79640601D}.Debug|Any CPU.Build.0 = Debug|Any CPU
		{5BC75531-0944-48FF-999E-0BE79640601D}.Release|Any CPU.ActiveCfg = Release|Any CPU
		{5BC75531-0944-48FF-999E-0BE79640601D}.Release|Any CPU.Build.0 = Release|Any CPU
		{BDB2AC02-13B1-4624-AAE1-E475831A916A}.Debug|Any CPU.ActiveCfg = Debug|Any CPU
		{BDB2AC02-13B1-4624-AAE1-E475831A916A}.Debug|Any CPU.Build.0 = Debug|Any CPU
		{BDB2AC02-13B1-4624-AAE1-E475831A916A}.Release|Any CPU.ActiveCfg = Release|Any CPU
		{BDB2AC02-13B1-4624-AAE1-E475831A916A}.Release|Any CPU.Build.0 = Release|Any CPU
		{002AE9FF-6310-44A6-89C7-1A8C67DEE5C0}.Debug|Any CPU.ActiveCfg = Debug|Any CPU
		{002AE9FF-6310-44A6-89C7-1A8C67DEE5C0}.Debug|Any CPU.Build.0 = Debug|Any CPU
		{002AE9FF-6310-44A6-89C7-1A8C67DEE5C0}.Release|Any CPU.ActiveCfg = Release|Any CPU
		{002AE9FF-6310-44A6-89C7-1A8C67DEE5C0}.Release|Any CPU.Build.0 = Release|Any CPU
		{B3F58629-C32B-45E6-A791-06C324D454B0}.Debug|Any CPU.ActiveCfg = Debug|Any CPU
		{B3F58629-C32B-45E6-A791-06C324D454B0}.Debug|Any CPU.Build.0 = Debug|Any CPU
		{B3F58629-C32B-45E6-A791-06C324D454B0}.Release|Any CPU.ActiveCfg = Release|Any CPU
		{B3F58629-C32B-45E6-A791-06C324D454B0}.Release|Any CPU.Build.0 = Release|Any CPU
		{81E82D92-1427-4E9C-AACA-46EEDD01DEF4}.Debug|Any CPU.ActiveCfg = Debug|Any CPU
		{81E82D92-1427-4E9C-AACA-46EEDD01DEF4}.Debug|Any CPU.Build.0 = Debug|Any CPU
		{81E82D92-1427-4E9C-AACA-46EEDD01DEF4}.Release|Any CPU.ActiveCfg = Release|Any CPU
		{81E82D92-1427-4E9C-AACA-46EEDD01DEF4}.Release|Any CPU.Build.0 = Release|Any CPU
	EndGlobalSection
	GlobalSection(SolutionProperties) = preSolution
		HideSolutionNode = FALSE
	EndGlobalSection
	GlobalSection(ExtensibilityGlobals) = postSolution
		SolutionGuid = {DD0E24CD-B8AF-4705-ADF5-986D267A7881}
	EndGlobalSection
EndGlobal
